
Microsoft Visual Studio Solution File, Format Version 12.00
# Visual Studio 2013
VisualStudioVersion = 12.0.31101.0
MinimumVisualStudioVersion = 10.0.40219.1
Project("{2150E333-8FDC-42A3-9474-1A3956D46DE8}") = "AzureFS", "AzureFS", "{1277245F-74B1-4D73-84F0-DB1E8050BAD2}"
EndProject
Project("{2150E333-8FDC-42A3-9474-1A3956D46DE8}") = "ZipFS", "ZipFS", "{BF6E71AD-280E-4625-A610-B208EC23BA41}"
EndProject
Project("{2150E333-8FDC-42A3-9474-1A3956D46DE8}") = "DBFS", "DBFS", "{51C76507-EAF5-46BB-B4EB-8C36648AC902}"
EndProject
Project("{2150E333-8FDC-42A3-9474-1A3956D46DE8}") = "LocalFS", "LocalFS", "{EFCDD581-A3EC-45CD-83CC-DBF0D95A0AB0}"
EndProject
Project("{2150E333-8FDC-42A3-9474-1A3956D46DE8}") = "REST FS", "REST FS", "{2BDC3CDD-6FEB-43D4-9275-8A025D76864F}"
EndProject
Project("{2150E333-8FDC-42A3-9474-1A3956D46DE8}") = "XFS", "XFS", "{856F628D-547A-4D6B-A86F-CAFEF1A0D14D}"
EndProject
Project("{2150E333-8FDC-42A3-9474-1A3956D46DE8}") = "File Systems", "File Systems", "{12570D0A-379E-487B-825D-D92E683524FB}"
EndProject
Project("{2150E333-8FDC-42A3-9474-1A3956D46DE8}") = "Samples", "Samples", "{0E0A5743-2C2B-4F8A-AE83-C03F3DF7B624}"
EndProject
Project("{2150E333-8FDC-42A3-9474-1A3956D46DE8}") = "Documentation", "Documentation", "{DDAB50EF-BF44-4FD4-9AC0-99929B0DCFF7}"
	ProjectSection(SolutionItems) = preProject
		..\Documentation\Event IDs.xlsx = ..\Documentation\Event IDs.xlsx
		..\Documentation\Provider Model.pptx = ..\Documentation\Provider Model.pptx
		..\Documentation\REST API.xlsx = ..\Documentation\REST API.xlsx
	EndProjectSection
EndProject
Project("{2150E333-8FDC-42A3-9474-1A3956D46DE8}") = "Authorization Subsystems", "Authorization Subsystems", "{E3F2A90B-6745-49D2-9017-BF0893F0FAE8}"
EndProject
Project("{2150E333-8FDC-42A3-9474-1A3956D46DE8}") = "WCF", "WCF", "{5EF97442-75DD-4BB1-8253-11B5E718AB52}"
EndProject
Project("{2150E333-8FDC-42A3-9474-1A3956D46DE8}") = "Contribs", "Contribs", "{62260F32-BB68-45AB-879F-7ABC5C841701}"
EndProject
Project("{2150E333-8FDC-42A3-9474-1A3956D46DE8}") = "Silverlight", "Silverlight", "{B7C6BA1D-CAFE-477A-B8A0-8BEC2BC011BE}"
EndProject
Project("{FAE04EC0-301F-11D3-BF4B-00C04F79EFBC}") = "LocalClient", "Samples\LocalClient\LocalClient.csproj", "{044723BA-4693-44BC-84A4-D3625BE22847}"
EndProject
Project("{FAE04EC0-301F-11D3-BF4B-00C04F79EFBC}") = "Vfs.LocalFileSystem", "Providers\Vfs.LocalFileSystem\Vfs.LocalFileSystem\Vfs.LocalFileSystem.csproj", "{1340E263-4471-491A-80C4-4F7C84FD8802}"
EndProject
Project("{FAE04EC0-301F-11D3-BF4B-00C04F79EFBC}") = "Vfs.LocalFileSystem.Test", "Providers\Vfs.LocalFileSystem\Vfs.LocalFileSystem.Test\Vfs.LocalFileSystem.Test.csproj", "{40CD558A-196E-4DF7-8403-4EB56301DF0F}"
EndProject
Project("{FAE04EC0-301F-11D3-BF4B-00C04F79EFBC}") = "Vfs.Restful.Shared", "Providers\Vfs.Restful\Vfs.Restful.Shared\Vfs.Restful.Shared.csproj", "{7C1C7770-D82D-4636-86E8-9762A71FE094}"
EndProject
Project("{FAE04EC0-301F-11D3-BF4B-00C04F79EFBC}") = "Vfs.Restful.Server", "Providers\Vfs.Restful\Vfs.Restful.Server\Vfs.Restful.Server.csproj", "{C378F952-7D47-4E37-8FED-9A37EE743C9F}"
EndProject
Project("{FAE04EC0-301F-11D3-BF4B-00C04F79EFBC}") = "Vfs.Restful.Client", "Providers\Vfs.Restful\Vfs.Restful.Client\Vfs.Restful.Client.csproj", "{484A99F6-14CA-4D9F-A469-1266A46ED14C}"
EndProject
Project("{FAE04EC0-301F-11D3-BF4B-00C04F79EFBC}") = "Vfs.Restful.Test", "Providers\Vfs.Restful\Vfs.Restful.Test\Vfs.Restful.Test.csproj", "{1B0F68A5-7A5A-438B-A47F-E30998A6F6AD}"
EndProject
Project("{FAE04EC0-301F-11D3-BF4B-00C04F79EFBC}") = "Vfs.Restful.TestHost", "Providers\Vfs.Restful\Vfs.Restful.TestHost\Vfs.Restful.TestHost.csproj", "{FBD33138-EAD1-4FEE-8F04-9755A5BF61D5}"
EndProject
Project("{FAE04EC0-301F-11D3-BF4B-00C04F79EFBC}") = "VFS", "Vfs.Core\VFS.csproj", "{D4EE71C9-7B09-4653-AA5C-0F56CC029480}"
EndProject
Project("{FAE04EC0-301F-11D3-BF4B-00C04F79EFBC}") = "VFS Tests", "Vfs.Core.Test\VFS Tests.csproj", "{093270B4-11CA-4196-8FCA-35AAFBEE238A}"
EndProject
Project("{FAE04EC0-301F-11D3-BF4B-00C04F79EFBC}") = "Vfs.Providers.TestSuite", "Providers\Vfs.Providers.TestSuite\Vfs.Providers.TestSuite.csproj", "{B0EAEA74-7021-4306-9F3B-822C16BEA882}"
EndProject
Project("{FAE04EC0-301F-11D3-BF4B-00C04F79EFBC}") = "REST Console", "_TO BE MOVED OR DELETED\REST Console\REST Console.csproj", "{826CC755-C827-404A-A7A8-2113D5715CFF}"
EndProject
Project("{FAE04EC0-301F-11D3-BF4B-00C04F79EFBC}") = "Vfs.Zip", "Providers\Vfs.Zip\Vfs.Zip\Vfs.Zip.csproj", "{54445675-1DA8-4E49-86E7-EAD7EEB81AC8}"
EndProject
Project("{FAE04EC0-301F-11D3-BF4B-00C04F79EFBC}") = "Vfs.Zip.Test", "Providers\Vfs.Zip\Vfs.Zip.Test\Vfs.Zip.Test.csproj", "{223FC78A-0078-43CC-B7ED-C3F682F4C4F1}"
EndProject
Project("{FAE04EC0-301F-11D3-BF4B-00C04F79EFBC}") = "Vfs.Silverlight", "Silverlight\Vfs.Silverlight\Vfs.Silverlight.csproj", "{97FBC1EE-2B1B-4D63-9528-CB8F68844A85}"
EndProject
Project("{FAE04EC0-301F-11D3-BF4B-00C04F79EFBC}") = "Vfs.Restful.Silverlight", "Providers\Vfs.Restful\Vfs.Restful.Silverlight\Vfs.Restful.Silverlight.csproj", "{471A845A-A3FA-446C-87E9-8425B9C9DD64}"
EndProject
Project("{FAE04EC0-301F-11D3-BF4B-00C04F79EFBC}") = "Silverlight File Browser", "Samples\Silverlight File Browser\Silverlight File Browser.csproj", "{7F1EEB0E-8F3B-46C7-B81A-8B67754CE93C}"
EndProject
Project("{FAE04EC0-301F-11D3-BF4B-00C04F79EFBC}") = "Silverlight File Browser.Web", "Samples\Silverlight File Browser.Web\Silverlight File Browser.Web.csproj", "{61D68BD3-6270-4C88-92CD-4E768F059E90}"
EndProject
Project("{FAE04EC0-301F-11D3-BF4B-00C04F79EFBC}") = "Vfs.Azure", "Providers\Vfs.Azure\Vfs.Azure\Vfs.Azure.csproj", "{360C273D-B015-4E53-AEFD-76F8BF8A98BA}"
EndProject
Project("{CC5FD16D-436D-48AD-A40C-5A424C6E3E79}") = "CloudService1", "CloudService1\CloudService1.ccproj", "{C232B2F4-B8B5-43A1-8CB4-75AB26A3A96B}"
EndProject
Project("{FAE04EC0-301F-11D3-BF4B-00C04F79EFBC}") = "CloudFSProxy", "CloudFSProxy\CloudFSProxy.csproj", "{F7778C1D-A860-4AB1-A110-CC26DCC48BF6}"
EndProject
Project("{FAE04EC0-301F-11D3-BF4B-00C04F79EFBC}") = "Vfs.Azure.Test", "Providers\Vfs.Azure\Vfs.Azure.Test\Vfs.Azure.Test.csproj", "{CD13EF64-7E49-4CA4-B6C6-2E86650B09D2}"
EndProject
Global
	GlobalSection(SolutionConfigurationPlatforms) = preSolution
		Debug|Any CPU = Debug|Any CPU
		Release|Any CPU = Release|Any CPU
	EndGlobalSection
	GlobalSection(ProjectConfigurationPlatforms) = postSolution
		{044723BA-4693-44BC-84A4-D3625BE22847}.Debug|Any CPU.ActiveCfg = Debug|Any CPU
		{044723BA-4693-44BC-84A4-D3625BE22847}.Debug|Any CPU.Build.0 = Debug|Any CPU
		{044723BA-4693-44BC-84A4-D3625BE22847}.Release|Any CPU.ActiveCfg = Release|Any CPU
		{044723BA-4693-44BC-84A4-D3625BE22847}.Release|Any CPU.Build.0 = Release|Any CPU
		{1340E263-4471-491A-80C4-4F7C84FD8802}.Debug|Any CPU.ActiveCfg = Debug|Any CPU
		{1340E263-4471-491A-80C4-4F7C84FD8802}.Debug|Any CPU.Build.0 = Debug|Any CPU
		{1340E263-4471-491A-80C4-4F7C84FD8802}.Release|Any CPU.ActiveCfg = Release|Any CPU
		{1340E263-4471-491A-80C4-4F7C84FD8802}.Release|Any CPU.Build.0 = Release|Any CPU
		{40CD558A-196E-4DF7-8403-4EB56301DF0F}.Debug|Any CPU.ActiveCfg = Debug|Any CPU
		{40CD558A-196E-4DF7-8403-4EB56301DF0F}.Debug|Any CPU.Build.0 = Debug|Any CPU
		{40CD558A-196E-4DF7-8403-4EB56301DF0F}.Release|Any CPU.ActiveCfg = Release|Any CPU
		{40CD558A-196E-4DF7-8403-4EB56301DF0F}.Release|Any CPU.Build.0 = Release|Any CPU
		{7C1C7770-D82D-4636-86E8-9762A71FE094}.Debug|Any CPU.ActiveCfg = Debug|Any CPU
		{7C1C7770-D82D-4636-86E8-9762A71FE094}.Debug|Any CPU.Build.0 = Debug|Any CPU
		{7C1C7770-D82D-4636-86E8-9762A71FE094}.Release|Any CPU.ActiveCfg = Release|Any CPU
		{7C1C7770-D82D-4636-86E8-9762A71FE094}.Release|Any CPU.Build.0 = Release|Any CPU
		{C378F952-7D47-4E37-8FED-9A37EE743C9F}.Debug|Any CPU.ActiveCfg = Debug|Any CPU
		{C378F952-7D47-4E37-8FED-9A37EE743C9F}.Debug|Any CPU.Build.0 = Debug|Any CPU
		{C378F952-7D47-4E37-8FED-9A37EE743C9F}.Release|Any CPU.ActiveCfg = Release|Any CPU
		{C378F952-7D47-4E37-8FED-9A37EE743C9F}.Release|Any CPU.Build.0 = Release|Any CPU
		{484A99F6-14CA-4D9F-A469-1266A46ED14C}.Debug|Any CPU.ActiveCfg = Debug|Any CPU
		{484A99F6-14CA-4D9F-A469-1266A46ED14C}.Debug|Any CPU.Build.0 = Debug|Any CPU
		{484A99F6-14CA-4D9F-A469-1266A46ED14C}.Release|Any CPU.ActiveCfg = Release|Any CPU
		{484A99F6-14CA-4D9F-A469-1266A46ED14C}.Release|Any CPU.Build.0 = Release|Any CPU
		{1B0F68A5-7A5A-438B-A47F-E30998A6F6AD}.Debug|Any CPU.ActiveCfg = Debug|Any CPU
		{1B0F68A5-7A5A-438B-A47F-E30998A6F6AD}.Debug|Any CPU.Build.0 = Debug|Any CPU
		{1B0F68A5-7A5A-438B-A47F-E30998A6F6AD}.Release|Any CPU.ActiveCfg = Release|Any CPU
		{1B0F68A5-7A5A-438B-A47F-E30998A6F6AD}.Release|Any CPU.Build.0 = Release|Any CPU
		{FBD33138-EAD1-4FEE-8F04-9755A5BF61D5}.Debug|Any CPU.ActiveCfg = Debug|Any CPU
		{FBD33138-EAD1-4FEE-8F04-9755A5BF61D5}.Debug|Any CPU.Build.0 = Debug|Any CPU
		{FBD33138-EAD1-4FEE-8F04-9755A5BF61D5}.Release|Any CPU.ActiveCfg = Release|Any CPU
		{FBD33138-EAD1-4FEE-8F04-9755A5BF61D5}.Release|Any CPU.Build.0 = Release|Any CPU
		{D4EE71C9-7B09-4653-AA5C-0F56CC029480}.Debug|Any CPU.ActiveCfg = Debug|Any CPU
		{D4EE71C9-7B09-4653-AA5C-0F56CC029480}.Debug|Any CPU.Build.0 = Debug|Any CPU
		{D4EE71C9-7B09-4653-AA5C-0F56CC029480}.Release|Any CPU.ActiveCfg = Release|Any CPU
		{D4EE71C9-7B09-4653-AA5C-0F56CC029480}.Release|Any CPU.Build.0 = Release|Any CPU
		{093270B4-11CA-4196-8FCA-35AAFBEE238A}.Debug|Any CPU.ActiveCfg = Debug|Any CPU
		{093270B4-11CA-4196-8FCA-35AAFBEE238A}.Debug|Any CPU.Build.0 = Debug|Any CPU
		{093270B4-11CA-4196-8FCA-35AAFBEE238A}.Release|Any CPU.ActiveCfg = Release|Any CPU
		{093270B4-11CA-4196-8FCA-35AAFBEE238A}.Release|Any CPU.Build.0 = Release|Any CPU
		{B0EAEA74-7021-4306-9F3B-822C16BEA882}.Debug|Any CPU.ActiveCfg = Debug|Any CPU
		{B0EAEA74-7021-4306-9F3B-822C16BEA882}.Debug|Any CPU.Build.0 = Debug|Any CPU
		{B0EAEA74-7021-4306-9F3B-822C16BEA882}.Release|Any CPU.ActiveCfg = Release|Any CPU
		{B0EAEA74-7021-4306-9F3B-822C16BEA882}.Release|Any CPU.Build.0 = Release|Any CPU
		{826CC755-C827-404A-A7A8-2113D5715CFF}.Debug|Any CPU.ActiveCfg = Debug|Any CPU
		{826CC755-C827-404A-A7A8-2113D5715CFF}.Debug|Any CPU.Build.0 = Debug|Any CPU
		{826CC755-C827-404A-A7A8-2113D5715CFF}.Release|Any CPU.ActiveCfg = Release|Any CPU
		{826CC755-C827-404A-A7A8-2113D5715CFF}.Release|Any CPU.Build.0 = Release|Any CPU
		{54445675-1DA8-4E49-86E7-EAD7EEB81AC8}.Debug|Any CPU.ActiveCfg = Debug|Any CPU
		{54445675-1DA8-4E49-86E7-EAD7EEB81AC8}.Debug|Any CPU.Build.0 = Debug|Any CPU
		{54445675-1DA8-4E49-86E7-EAD7EEB81AC8}.Release|Any CPU.ActiveCfg = Release|Any CPU
		{54445675-1DA8-4E49-86E7-EAD7EEB81AC8}.Release|Any CPU.Build.0 = Release|Any CPU
		{223FC78A-0078-43CC-B7ED-C3F682F4C4F1}.Debug|Any CPU.ActiveCfg = Debug|Any CPU
		{223FC78A-0078-43CC-B7ED-C3F682F4C4F1}.Debug|Any CPU.Build.0 = Debug|Any CPU
		{223FC78A-0078-43CC-B7ED-C3F682F4C4F1}.Release|Any CPU.ActiveCfg = Release|Any CPU
		{223FC78A-0078-43CC-B7ED-C3F682F4C4F1}.Release|Any CPU.Build.0 = Release|Any CPU
		{97FBC1EE-2B1B-4D63-9528-CB8F68844A85}.Debug|Any CPU.ActiveCfg = Debug|Any CPU
		{97FBC1EE-2B1B-4D63-9528-CB8F68844A85}.Debug|Any CPU.Build.0 = Debug|Any CPU
		{97FBC1EE-2B1B-4D63-9528-CB8F68844A85}.Release|Any CPU.ActiveCfg = Release|Any CPU
		{97FBC1EE-2B1B-4D63-9528-CB8F68844A85}.Release|Any CPU.Build.0 = Release|Any CPU
		{471A845A-A3FA-446C-87E9-8425B9C9DD64}.Debug|Any CPU.ActiveCfg = Debug|Any CPU
		{471A845A-A3FA-446C-87E9-8425B9C9DD64}.Debug|Any CPU.Build.0 = Debug|Any CPU
		{471A845A-A3FA-446C-87E9-8425B9C9DD64}.Release|Any CPU.ActiveCfg = Release|Any CPU
		{471A845A-A3FA-446C-87E9-8425B9C9DD64}.Release|Any CPU.Build.0 = Release|Any CPU
		{7F1EEB0E-8F3B-46C7-B81A-8B67754CE93C}.Debug|Any CPU.ActiveCfg = Debug|Any CPU
		{7F1EEB0E-8F3B-46C7-B81A-8B67754CE93C}.Debug|Any CPU.Build.0 = Debug|Any CPU
		{7F1EEB0E-8F3B-46C7-B81A-8B67754CE93C}.Release|Any CPU.ActiveCfg = Release|Any CPU
		{7F1EEB0E-8F3B-46C7-B81A-8B67754CE93C}.Release|Any CPU.Build.0 = Release|Any CPU
		{61D68BD3-6270-4C88-92CD-4E768F059E90}.Debug|Any CPU.ActiveCfg = Debug|Any CPU
		{61D68BD3-6270-4C88-92CD-4E768F059E90}.Debug|Any CPU.Build.0 = Debug|Any CPU
		{61D68BD3-6270-4C88-92CD-4E768F059E90}.Release|Any CPU.ActiveCfg = Release|Any CPU
		{61D68BD3-6270-4C88-92CD-4E768F059E90}.Release|Any CPU.Build.0 = Release|Any CPU
		{360C273D-B015-4E53-AEFD-76F8BF8A98BA}.Debug|Any CPU.ActiveCfg = Debug|Any CPU
		{360C273D-B015-4E53-AEFD-76F8BF8A98BA}.Debug|Any CPU.Build.0 = Debug|Any CPU
		{360C273D-B015-4E53-AEFD-76F8BF8A98BA}.Release|Any CPU.ActiveCfg = Release|Any CPU
		{360C273D-B015-4E53-AEFD-76F8BF8A98BA}.Release|Any CPU.Build.0 = Release|Any CPU
		{C232B2F4-B8B5-43A1-8CB4-75AB26A3A96B}.Debug|Any CPU.ActiveCfg = Debug|Any CPU
		{C232B2F4-B8B5-43A1-8CB4-75AB26A3A96B}.Debug|Any CPU.Build.0 = Debug|Any CPU
		{C232B2F4-B8B5-43A1-8CB4-75AB26A3A96B}.Release|Any CPU.ActiveCfg = Release|Any CPU
		{C232B2F4-B8B5-43A1-8CB4-75AB26A3A96B}.Release|Any CPU.Build.0 = Release|Any CPU
		{F7778C1D-A860-4AB1-A110-CC26DCC48BF6}.Debug|Any CPU.ActiveCfg = Debug|Any CPU
		{F7778C1D-A860-4AB1-A110-CC26DCC48BF6}.Debug|Any CPU.Build.0 = Debug|Any CPU
		{F7778C1D-A860-4AB1-A110-CC26DCC48BF6}.Release|Any CPU.ActiveCfg = Release|Any CPU
		{F7778C1D-A860-4AB1-A110-CC26DCC48BF6}.Release|Any CPU.Build.0 = Release|Any CPU
		{CD13EF64-7E49-4CA4-B6C6-2E86650B09D2}.Debug|Any CPU.ActiveCfg = Debug|Any CPU
		{CD13EF64-7E49-4CA4-B6C6-2E86650B09D2}.Debug|Any CPU.Build.0 = Debug|Any CPU
		{CD13EF64-7E49-4CA4-B6C6-2E86650B09D2}.Release|Any CPU.ActiveCfg = Release|Any CPU
		{CD13EF64-7E49-4CA4-B6C6-2E86650B09D2}.Release|Any CPU.Build.0 = Release|Any CPU
	EndGlobalSection
	GlobalSection(SolutionProperties) = preSolution
		HideSolutionNode = FALSE
	EndGlobalSection
	GlobalSection(NestedProjects) = preSolution
		{1277245F-74B1-4D73-84F0-DB1E8050BAD2} = {62260F32-BB68-45AB-879F-7ABC5C841701}
		{BF6E71AD-280E-4625-A610-B208EC23BA41} = {62260F32-BB68-45AB-879F-7ABC5C841701}
		{51C76507-EAF5-46BB-B4EB-8C36648AC902} = {62260F32-BB68-45AB-879F-7ABC5C841701}
		{EFCDD581-A3EC-45CD-83CC-DBF0D95A0AB0} = {12570D0A-379E-487B-825D-D92E683524FB}
		{2BDC3CDD-6FEB-43D4-9275-8A025D76864F} = {12570D0A-379E-487B-825D-D92E683524FB}
		{856F628D-547A-4D6B-A86F-CAFEF1A0D14D} = {62260F32-BB68-45AB-879F-7ABC5C841701}
		{5EF97442-75DD-4BB1-8253-11B5E718AB52} = {62260F32-BB68-45AB-879F-7ABC5C841701}
		{62260F32-BB68-45AB-879F-7ABC5C841701} = {12570D0A-379E-487B-825D-D92E683524FB}
		{044723BA-4693-44BC-84A4-D3625BE22847} = {0E0A5743-2C2B-4F8A-AE83-C03F3DF7B624}
		{1340E263-4471-491A-80C4-4F7C84FD8802} = {EFCDD581-A3EC-45CD-83CC-DBF0D95A0AB0}
		{40CD558A-196E-4DF7-8403-4EB56301DF0F} = {EFCDD581-A3EC-45CD-83CC-DBF0D95A0AB0}
		{7C1C7770-D82D-4636-86E8-9762A71FE094} = {2BDC3CDD-6FEB-43D4-9275-8A025D76864F}
		{C378F952-7D47-4E37-8FED-9A37EE743C9F} = {2BDC3CDD-6FEB-43D4-9275-8A025D76864F}
		{484A99F6-14CA-4D9F-A469-1266A46ED14C} = {2BDC3CDD-6FEB-43D4-9275-8A025D76864F}
		{1B0F68A5-7A5A-438B-A47F-E30998A6F6AD} = {2BDC3CDD-6FEB-43D4-9275-8A025D76864F}
		{FBD33138-EAD1-4FEE-8F04-9755A5BF61D5} = {2BDC3CDD-6FEB-43D4-9275-8A025D76864F}
		{826CC755-C827-404A-A7A8-2113D5715CFF} = {2BDC3CDD-6FEB-43D4-9275-8A025D76864F}
		{54445675-1DA8-4E49-86E7-EAD7EEB81AC8} = {BF6E71AD-280E-4625-A610-B208EC23BA41}
		{223FC78A-0078-43CC-B7ED-C3F682F4C4F1} = {BF6E71AD-280E-4625-A610-B208EC23BA41}
		{97FBC1EE-2B1B-4D63-9528-CB8F68844A85} = {B7C6BA1D-CAFE-477A-B8A0-8BEC2BC011BE}
		{471A845A-A3FA-446C-87E9-8425B9C9DD64} = {2BDC3CDD-6FEB-43D4-9275-8A025D76864F}
		{7F1EEB0E-8F3B-46C7-B81A-8B67754CE93C} = {B7C6BA1D-CAFE-477A-B8A0-8BEC2BC011BE}
		{61D68BD3-6270-4C88-92CD-4E768F059E90} = {B7C6BA1D-CAFE-477A-B8A0-8BEC2BC011BE}
		{360C273D-B015-4E53-AEFD-76F8BF8A98BA} = {1277245F-74B1-4D73-84F0-DB1E8050BAD2}
		{C232B2F4-B8B5-43A1-8CB4-75AB26A3A96B} = {1277245F-74B1-4D73-84F0-DB1E8050BAD2}
		{F7778C1D-A860-4AB1-A110-CC26DCC48BF6} = {1277245F-74B1-4D73-84F0-DB1E8050BAD2}
		{CD13EF64-7E49-4CA4-B6C6-2E86650B09D2} = {1277245F-74B1-4D73-84F0-DB1E8050BAD2}
	EndGlobalSection
EndGlobal
